
Microsoft Visual Studio Solution File, Format Version 12.00
# Visual Studio Version 16
VisualStudioVersion = 16.0.31402.337
MinimumVisualStudioVersion = 10.0.40219.1
Project("{2150E333-8FDC-42A3-9474-1A3956D46DE8}") = "src", "src", "{7067061C-3492-4FD6-8565-02E262ADD361}"
EndProject
Project("{2150E333-8FDC-42A3-9474-1A3956D46DE8}") = "sort", "sort", "{37967A05-92CE-4B60-AEB9-F18C4300123B}"
EndProject
Project("{9A19103F-16F7-4668-BE54-9A1E7A4F7556}") = "Sort", "src\sort\Sort\Sort.csproj", "{979030B8-BDB6-4D38-ACED-CCB2D277A63B}"
EndProject
Project("{9A19103F-16F7-4668-BE54-9A1E7A4F7556}") = "Sort.Interface", "src\sort\ISort\Sort.Interface.csproj", "{1B19FFEE-6338-4766-AB03-3984A7776D60}"
EndProject
Global
	GlobalSection(SolutionConfigurationPlatforms) = preSolution
		Debug|Any CPU = Debug|Any CPU
		Release|Any CPU = Release|Any CPU
	EndGlobalSection
	GlobalSection(ProjectConfigurationPlatforms) = postSolution
		{979030B8-BDB6-4D38-ACED-CCB2D277A63B}.Debug|Any CPU.ActiveCfg = Debug|Any CPU
		{979030B8-BDB6-4D38-ACED-CCB2D277A63B}.Debug|Any CPU.Build.0 = Debug|Any CPU
		{979030B8-BDB6-4D38-ACED-CCB2D277A63B}.Release|Any CPU.ActiveCfg = Release|Any CPU
		{979030B8-BDB6-4D38-ACED-CCB2D277A63B}.Release|Any CPU.Build.0 = Release|Any CPU
		{1B19FFEE-6338-4766-AB03-3984A7776D60}.Debug|Any CPU.ActiveCfg = Debug|Any CPU
		{1B19FFEE-6338-4766-AB03-3984A7776D60}.Debug|Any CPU.Build.0 = Debug|Any CPU
		{1B19FFEE-6338-4766-AB03-3984A7776D60}.Release|Any CPU.ActiveCfg = Release|Any CPU
		{1B19FFEE-6338-4766-AB03-3984A7776D60}.Release|Any CPU.Build.0 = Release|Any CPU
	EndGlobalSection
	GlobalSection(SolutionProperties) = preSolution
		HideSolutionNode = FALSE
	EndGlobalSection
	GlobalSection(NestedProjects) = preSolution
		{37967A05-92CE-4B60-AEB9-F18C4300123B} = {7067061C-3492-4FD6-8565-02E262ADD361}
		{979030B8-BDB6-4D38-ACED-CCB2D277A63B} = {37967A05-92CE-4B60-AEB9-F18C4300123B}
		{1B19FFEE-6338-4766-AB03-3984A7776D60} = {37967A05-92CE-4B60-AEB9-F18C4300123B}
	EndGlobalSection
	GlobalSection(ExtensibilityGlobals) = postSolution
		SolutionGuid = {87E18952-9F35-4C64-A895-9FF3F03079ED}
	EndGlobalSection
EndGlobal
