
Microsoft Visual Studio Solution File, Format Version 12.00
# Visual Studio Version 16
VisualStudioVersion = 16.0.31402.337
MinimumVisualStudioVersion = 10.0.40219.1
Project("{FAE04EC0-301F-11D3-BF4B-00C04F79EFBC}") = "algorithm", "algorithm\algorithm.csproj", "{3A8DC3B2-1688-4BDD-B26E-C5B498053629}"
EndProject
Global
	GlobalSection(SolutionConfigurationPlatforms) = preSolution
		Debug|Any CPU = Debug|Any CPU
		Release|Any CPU = Release|Any CPU
	EndGlobalSection
	GlobalSection(ProjectConfigurationPlatforms) = postSolution
		{3A8DC3B2-1688-4BDD-B26E-C5B498053629}.Debug|Any CPU.ActiveCfg = Debug|Any CPU
		{3A8DC3B2-1688-4BDD-B26E-C5B498053629}.Debug|Any CPU.Build.0 = Debug|Any CPU
		{3A8DC3B2-1688-4BDD-B26E-C5B498053629}.Release|Any CPU.ActiveCfg = Release|Any CPU
		{3A8DC3B2-1688-4BDD-B26E-C5B498053629}.Release|Any CPU.Build.0 = Release|Any CPU
	EndGlobalSection
	GlobalSection(SolutionProperties) = preSolution
		HideSolutionNode = FALSE
	EndGlobalSection
	GlobalSection(ExtensibilityGlobals) = postSolution
		SolutionGuid = {87E18952-9F35-4C64-A895-9FF3F03079ED}
	EndGlobalSection
EndGlobal
